
Microsoft Visual Studio Solution File, Format Version 12.00
# Visual Studio 15
VisualStudioVersion = 15.0.27130.2010
MinimumVisualStudioVersion = 10.0.40219.1
Project("{9A19103F-16F7-4668-BE54-9A1E7A4F7556}") = "BetterKnowAFrameworkScraperConsole", "src\Console\BetterKnowAFrameworkScraperConsole.csproj", "{633921FF-72A0-4B1B-8B5E-FC2D6043AC44}"
EndProject
Project("{2150E333-8FDC-42A3-9474-1A3956D46DE8}") = "src", "src", "{BE241D21-D8CA-442E-9988-65F5F3BE9967}"
EndProject
Project("{9A19103F-16F7-4668-BE54-9A1E7A4F7556}") = "BetterKnowAFrameworkScraper", "src\BetterKnowAFrameworkScraper\BetterKnowAFrameworkScraper.csproj", "{886CDD43-ABB7-46FB-9AD7-16CD3CE80A8E}"
EndProject
Project("{FAE04EC0-301F-11D3-BF4B-00C04F79EFBC}") = "BetterKnowAFrameworkViewer", "src\BetterKnowAFrameworkViewer\BetterKnowAFrameworkViewer.csproj", "{609D2C5A-9DA6-4610-ACCC-ED59B4A4D793}"
EndProject
Global
	GlobalSection(SolutionConfigurationPlatforms) = preSolution
		Debug|Any CPU = Debug|Any CPU
		Release|Any CPU = Release|Any CPU
	EndGlobalSection
	GlobalSection(ProjectConfigurationPlatforms) = postSolution
		{633921FF-72A0-4B1B-8B5E-FC2D6043AC44}.Debug|Any CPU.ActiveCfg = Debug|Any CPU
		{633921FF-72A0-4B1B-8B5E-FC2D6043AC44}.Debug|Any CPU.Build.0 = Debug|Any CPU
		{633921FF-72A0-4B1B-8B5E-FC2D6043AC44}.Release|Any CPU.ActiveCfg = Release|Any CPU
		{633921FF-72A0-4B1B-8B5E-FC2D6043AC44}.Release|Any CPU.Build.0 = Release|Any CPU
		{886CDD43-ABB7-46FB-9AD7-16CD3CE80A8E}.Debug|Any CPU.ActiveCfg = Debug|Any CPU
		{886CDD43-ABB7-46FB-9AD7-16CD3CE80A8E}.Debug|Any CPU.Build.0 = Debug|Any CPU
		{886CDD43-ABB7-46FB-9AD7-16CD3CE80A8E}.Release|Any CPU.ActiveCfg = Release|Any CPU
		{886CDD43-ABB7-46FB-9AD7-16CD3CE80A8E}.Release|Any CPU.Build.0 = Release|Any CPU
		{609D2C5A-9DA6-4610-ACCC-ED59B4A4D793}.Debug|Any CPU.ActiveCfg = Debug|Any CPU
		{609D2C5A-9DA6-4610-ACCC-ED59B4A4D793}.Debug|Any CPU.Build.0 = Debug|Any CPU
		{609D2C5A-9DA6-4610-ACCC-ED59B4A4D793}.Release|Any CPU.ActiveCfg = Release|Any CPU
		{609D2C5A-9DA6-4610-ACCC-ED59B4A4D793}.Release|Any CPU.Build.0 = Release|Any CPU
	EndGlobalSection
	GlobalSection(SolutionProperties) = preSolution
		HideSolutionNode = FALSE
	EndGlobalSection
	GlobalSection(NestedProjects) = preSolution
		{633921FF-72A0-4B1B-8B5E-FC2D6043AC44} = {BE241D21-D8CA-442E-9988-65F5F3BE9967}
		{886CDD43-ABB7-46FB-9AD7-16CD3CE80A8E} = {BE241D21-D8CA-442E-9988-65F5F3BE9967}
		{609D2C5A-9DA6-4610-ACCC-ED59B4A4D793} = {BE241D21-D8CA-442E-9988-65F5F3BE9967}
	EndGlobalSection
	GlobalSection(ExtensibilityGlobals) = postSolution
		SolutionGuid = {C6685438-E21B-4450-9591-B00B77ADF135}
	EndGlobalSection
EndGlobal
